
Microsoft Visual Studio Solution File, Format Version 12.00
# Visual Studio Version 16
VisualStudioVersion = 25.0.1703.0
MinimumVisualStudioVersion = 10.0.40219.1
Project("{FAE04EC0-301F-11D3-BF4B-00C04F79EFBC}") = "Gym_API", "Gym_API\Gym_API.csproj", "{D452E7BC-50F5-45AC-BB3D-617A2054673A}"
EndProject
Global
	GlobalSection(SolutionConfigurationPlatforms) = preSolution
		Debug|Any CPU = Debug|Any CPU
		Release|Any CPU = Release|Any CPU
	EndGlobalSection
	GlobalSection(ProjectConfigurationPlatforms) = postSolution
		{D452E7BC-50F5-45AC-BB3D-617A2054673A}.Debug|Any CPU.ActiveCfg = Debug|Any CPU
		{D452E7BC-50F5-45AC-BB3D-617A2054673A}.Debug|Any CPU.Build.0 = Debug|Any CPU
		{D452E7BC-50F5-45AC-BB3D-617A2054673A}.Release|Any CPU.ActiveCfg = Release|Any CPU
		{D452E7BC-50F5-45AC-BB3D-617A2054673A}.Release|Any CPU.Build.0 = Release|Any CPU
	EndGlobalSection
	GlobalSection(SolutionProperties) = preSolution
		HideSolutionNode = FALSE
	EndGlobalSection
	GlobalSection(ExtensibilityGlobals) = postSolution
		SolutionGuid = {6A1C365C-795A-497C-9E78-E978CD1AA7D3}
	EndGlobalSection
EndGlobal
